
Microsoft Visual Studio Solution File, Format Version 12.00
# Visual Studio Version 17
VisualStudioVersion = 17.5.002.0
MinimumVisualStudioVersion = 10.0.40219.1
Project("{2150E333-8FDC-42A3-9474-1A3956D46DE8}") = "csharp-prep", "csharp-prep", "{43EDF6AC-E950-4996-94F6-B9237CC981D7}"
EndProject
Project("{9A19103F-16F7-4668-BE54-9A1E7A4F7556}") = "Prep1", "csharp-prep\Prep1\Prep1.csproj", "{087EB3BC-6817-43C2-8FED-20299DD89118}"
EndProject
Project("{9A19103F-16F7-4668-BE54-9A1E7A4F7556}") = "Prep2", "csharp-prep\Prep2\Prep2.csproj", "{90E744C4-15B3-42AE-93B0-7DD6E30C8B44}"
EndProject
Project("{9A19103F-16F7-4668-BE54-9A1E7A4F7556}") = "Prep3", "csharp-prep\Prep3\Prep3.csproj", "{02A22C9F-FF61-4C73-A52D-4174C2212612}"
EndProject
Project("{9A19103F-16F7-4668-BE54-9A1E7A4F7556}") = "Prep4", "csharp-prep\Prep4\Prep4.csproj", "{03D4DCCF-154F-4C52-858A-451CD3AF41E6}"
EndProject
Project("{9A19103F-16F7-4668-BE54-9A1E7A4F7556}") = "Prep5", "csharp-prep\Prep5\Prep5.csproj", "{B22182C9-61B9-4C7E-8909-EED2D29993E5}"
EndProject
Project("{2150E333-8FDC-42A3-9474-1A3956D46DE8}") = "final", "final", "{A1C5E501-D977-45C4-956E-5BF4A6B4358C}"
EndProject
Project("{9A19103F-16F7-4668-BE54-9A1E7A4F7556}") = "FinalProject", "final\FinalProject\FinalProject.csproj", "{E268AA91-7027-47E5-B0C6-7A843E3ABF99}"
EndProject
Project("{9A19103F-16F7-4668-BE54-9A1E7A4F7556}") = "Foundation1", "final\Foundation1\Foundation1.csproj", "{DABA1D19-95C4-422C-B214-9F3F82BC295E}"
EndProject
Project("{9A19103F-16F7-4668-BE54-9A1E7A4F7556}") = "Foundation2", "final\Foundation2\Foundation2.csproj", "{94DFD28D-D16E-49D5-AAB2-368F431F2ACE}"
EndProject
Project("{9A19103F-16F7-4668-BE54-9A1E7A4F7556}") = "Foundation3", "final\Foundation3\Foundation3.csproj", "{9F9F794B-8DF7-4282-98EF-E38F3E1B1BF9}"
EndProject
Project("{9A19103F-16F7-4668-BE54-9A1E7A4F7556}") = "Foundation4", "final\Foundation4\Foundation4.csproj", "{72E0CAD3-3DFF-49D7-9939-C4F16A54C20D}"
EndProject
Project("{2150E333-8FDC-42A3-9474-1A3956D46DE8}") = "prepare", "prepare", "{50A175BB-BA96-4C98-9A95-78346597CC45}"
EndProject
Project("{9A19103F-16F7-4668-BE54-9A1E7A4F7556}") = "Learning02", "prepare\Learning02\Learning02.csproj", "{BEBD85BE-CD06-40C4-BA44-5F560C11B2C0}"
EndProject
Project("{9A19103F-16F7-4668-BE54-9A1E7A4F7556}") = "Learning03", "prepare\Learning03\Learning03.csproj", "{CB481098-51F7-4E66-B6EE-65CD740969C0}"
EndProject
Project("{9A19103F-16F7-4668-BE54-9A1E7A4F7556}") = "Learning04", "prepare\Learning04\Learning04.csproj", "{3EAA8113-0513-4AB2-844C-C4C463E7A322}"
EndProject
Project("{9A19103F-16F7-4668-BE54-9A1E7A4F7556}") = "Learning05", "prepare\Learning05\Learning05.csproj", "{026DA849-B374-4DC6-96F6-B29C0C488169}"
EndProject
Project("{2150E333-8FDC-42A3-9474-1A3956D46DE8}") = "prove", "prove", "{11ACF006-8506-4EF4-9BE8-D337989C8618}"
EndProject
Project("{9A19103F-16F7-4668-BE54-9A1E7A4F7556}") = "Develop02", "prove\Develop02\Develop02.csproj", "{F5112B54-4F24-4C94-A8BB-238C6B4F0EFD}"
EndProject
Project("{9A19103F-16F7-4668-BE54-9A1E7A4F7556}") = "Develop03", "prove\Develop03\Develop03.csproj", "{2380A7B7-9642-41FA-98BE-4D6201EB16C7}"
EndProject
Project("{9A19103F-16F7-4668-BE54-9A1E7A4F7556}") = "Develop04", "prove\Develop04\Develop04.csproj", "{90390BD3-8E46-47C6-B8D6-6F4A36C67AA9}"
EndProject
Project("{9A19103F-16F7-4668-BE54-9A1E7A4F7556}") = "Develop05", "prove\Develop05\Develop05.csproj", "{090CF891-662E-43EC-BEB1-F932E57E873C}"
EndProject
Project("{2150E333-8FDC-42A3-9474-1A3956D46DE8}") = "sandbox", "sandbox", "{703B5189-7183-4860-BBF9-011D4D9B09E8}"
EndProject
Project("{9A19103F-16F7-4668-BE54-9A1E7A4F7556}") = "Sandbox", "sandbox\Sandbox\Sandbox.csproj", "{F5D759C4-A10B-4578-A70F-4FDB8FBF8A73}"
EndProject
Global
	GlobalSection(SolutionConfigurationPlatforms) = preSolution
		Debug|Any CPU = Debug|Any CPU
		Release|Any CPU = Release|Any CPU
	EndGlobalSection
	GlobalSection(ProjectConfigurationPlatforms) = postSolution
		{087EB3BC-6817-43C2-8FED-20299DD89118}.Debug|Any CPU.ActiveCfg = Debug|Any CPU
		{087EB3BC-6817-43C2-8FED-20299DD89118}.Debug|Any CPU.Build.0 = Debug|Any CPU
		{087EB3BC-6817-43C2-8FED-20299DD89118}.Release|Any CPU.ActiveCfg = Release|Any CPU
		{087EB3BC-6817-43C2-8FED-20299DD89118}.Release|Any CPU.Build.0 = Release|Any CPU
		{90E744C4-15B3-42AE-93B0-7DD6E30C8B44}.Debug|Any CPU.ActiveCfg = Debug|Any CPU
		{90E744C4-15B3-42AE-93B0-7DD6E30C8B44}.Debug|Any CPU.Build.0 = Debug|Any CPU
		{90E744C4-15B3-42AE-93B0-7DD6E30C8B44}.Release|Any CPU.ActiveCfg = Release|Any CPU
		{90E744C4-15B3-42AE-93B0-7DD6E30C8B44}.Release|Any CPU.Build.0 = Release|Any CPU
		{02A22C9F-FF61-4C73-A52D-4174C2212612}.Debug|Any CPU.ActiveCfg = Debug|Any CPU
		{02A22C9F-FF61-4C73-A52D-4174C2212612}.Debug|Any CPU.Build.0 = Debug|Any CPU
		{02A22C9F-FF61-4C73-A52D-4174C2212612}.Release|Any CPU.ActiveCfg = Release|Any CPU
		{02A22C9F-FF61-4C73-A52D-4174C2212612}.Release|Any CPU.Build.0 = Release|Any CPU
		{03D4DCCF-154F-4C52-858A-451CD3AF41E6}.Debug|Any CPU.ActiveCfg = Debug|Any CPU
		{03D4DCCF-154F-4C52-858A-451CD3AF41E6}.Debug|Any CPU.Build.0 = Debug|Any CPU
		{03D4DCCF-154F-4C52-858A-451CD3AF41E6}.Release|Any CPU.ActiveCfg = Release|Any CPU
		{03D4DCCF-154F-4C52-858A-451CD3AF41E6}.Release|Any CPU.Build.0 = Release|Any CPU
		{B22182C9-61B9-4C7E-8909-EED2D29993E5}.Debug|Any CPU.ActiveCfg = Debug|Any CPU
		{B22182C9-61B9-4C7E-8909-EED2D29993E5}.Debug|Any CPU.Build.0 = Debug|Any CPU
		{B22182C9-61B9-4C7E-8909-EED2D29993E5}.Release|Any CPU.ActiveCfg = Release|Any CPU
		{B22182C9-61B9-4C7E-8909-EED2D29993E5}.Release|Any CPU.Build.0 = Release|Any CPU
		{E268AA91-7027-47E5-B0C6-7A843E3ABF99}.Debug|Any CPU.ActiveCfg = Debug|Any CPU
		{E268AA91-7027-47E5-B0C6-7A843E3ABF99}.Debug|Any CPU.Build.0 = Debug|Any CPU
		{E268AA91-7027-47E5-B0C6-7A843E3ABF99}.Release|Any CPU.ActiveCfg = Release|Any CPU
		{E268AA91-7027-47E5-B0C6-7A843E3ABF99}.Release|Any CPU.Build.0 = Release|Any CPU
		{DABA1D19-95C4-422C-B214-9F3F82BC295E}.Debug|Any CPU.ActiveCfg = Debug|Any CPU
		{DABA1D19-95C4-422C-B214-9F3F82BC295E}.Debug|Any CPU.Build.0 = Debug|Any CPU
		{DABA1D19-95C4-422C-B214-9F3F82BC295E}.Release|Any CPU.ActiveCfg = Release|Any CPU
		{DABA1D19-95C4-422C-B214-9F3F82BC295E}.Release|Any CPU.Build.0 = Release|Any CPU
		{94DFD28D-D16E-49D5-AAB2-368F431F2ACE}.Debug|Any CPU.ActiveCfg = Debug|Any CPU
		{94DFD28D-D16E-49D5-AAB2-368F431F2ACE}.Debug|Any CPU.Build.0 = Debug|Any CPU
		{94DFD28D-D16E-49D5-AAB2-368F431F2ACE}.Release|Any CPU.ActiveCfg = Release|Any CPU
		{94DFD28D-D16E-49D5-AAB2-368F431F2ACE}.Release|Any CPU.Build.0 = Release|Any CPU
		{9F9F794B-8DF7-4282-98EF-E38F3E1B1BF9}.Debug|Any CPU.ActiveCfg = Debug|Any CPU
		{9F9F794B-8DF7-4282-98EF-E38F3E1B1BF9}.Debug|Any CPU.Build.0 = Debug|Any CPU
		{9F9F794B-8DF7-4282-98EF-E38F3E1B1BF9}.Release|Any CPU.ActiveCfg = Release|Any CPU
		{9F9F794B-8DF7-4282-98EF-E38F3E1B1BF9}.Release|Any CPU.Build.0 = Release|Any CPU
		{72E0CAD3-3DFF-49D7-9939-C4F16A54C20D}.Debug|Any CPU.ActiveCfg = Debug|Any CPU
		{72E0CAD3-3DFF-49D7-9939-C4F16A54C20D}.Debug|Any CPU.Build.0 = Debug|Any CPU
		{72E0CAD3-3DFF-49D7-9939-C4F16A54C20D}.Release|Any CPU.ActiveCfg = Release|Any CPU
		{72E0CAD3-3DFF-49D7-9939-C4F16A54C20D}.Release|Any CPU.Build.0 = Release|Any CPU
		{BEBD85BE-CD06-40C4-BA44-5F560C11B2C0}.Debug|Any CPU.ActiveCfg = Debug|Any CPU
		{BEBD85BE-CD06-40C4-BA44-5F560C11B2C0}.Debug|Any CPU.Build.0 = Debug|Any CPU
		{BEBD85BE-CD06-40C4-BA44-5F560C11B2C0}.Release|Any CPU.ActiveCfg = Release|Any CPU
		{BEBD85BE-CD06-40C4-BA44-5F560C11B2C0}.Release|Any CPU.Build.0 = Release|Any CPU
		{CB481098-51F7-4E66-B6EE-65CD740969C0}.Debug|Any CPU.ActiveCfg = Debug|Any CPU
		{CB481098-51F7-4E66-B6EE-65CD740969C0}.Debug|Any CPU.Build.0 = Debug|Any CPU
		{CB481098-51F7-4E66-B6EE-65CD740969C0}.Release|Any CPU.ActiveCfg = Release|Any CPU
		{CB481098-51F7-4E66-B6EE-65CD740969C0}.Release|Any CPU.Build.0 = Release|Any CPU
		{3EAA8113-0513-4AB2-844C-C4C463E7A322}.Debug|Any CPU.ActiveCfg = Debug|Any CPU
		{3EAA8113-0513-4AB2-844C-C4C463E7A322}.Debug|Any CPU.Build.0 = Debug|Any CPU
		{3EAA8113-0513-4AB2-844C-C4C463E7A322}.Release|Any CPU.ActiveCfg = Release|Any CPU
		{3EAA8113-0513-4AB2-844C-C4C463E7A322}.Release|Any CPU.Build.0 = Release|Any CPU
		{026DA849-B374-4DC6-96F6-B29C0C488169}.Debug|Any CPU.ActiveCfg = Debug|Any CPU
		{026DA849-B374-4DC6-96F6-B29C0C488169}.Debug|Any CPU.Build.0 = Debug|Any CPU
		{026DA849-B374-4DC6-96F6-B29C0C488169}.Release|Any CPU.ActiveCfg = Release|Any CPU
		{026DA849-B374-4DC6-96F6-B29C0C488169}.Release|Any CPU.Build.0 = Release|Any CPU
		{F5112B54-4F24-4C94-A8BB-238C6B4F0EFD}.Debug|Any CPU.ActiveCfg = Debug|Any CPU
		{F5112B54-4F24-4C94-A8BB-238C6B4F0EFD}.Debug|Any CPU.Build.0 = Debug|Any CPU
		{F5112B54-4F24-4C94-A8BB-238C6B4F0EFD}.Release|Any CPU.ActiveCfg = Release|Any CPU
		{F5112B54-4F24-4C94-A8BB-238C6B4F0EFD}.Release|Any CPU.Build.0 = Release|Any CPU
		{2380A7B7-9642-41FA-98BE-4D6201EB16C7}.Debug|Any CPU.ActiveCfg = Debug|Any CPU
		{2380A7B7-9642-41FA-98BE-4D6201EB16C7}.Debug|Any CPU.Build.0 = Debug|Any CPU
		{2380A7B7-9642-41FA-98BE-4D6201EB16C7}.Release|Any CPU.ActiveCfg = Release|Any CPU
		{2380A7B7-9642-41FA-98BE-4D6201EB16C7}.Release|Any CPU.Build.0 = Release|Any CPU
		{90390BD3-8E46-47C6-B8D6-6F4A36C67AA9}.Debug|Any CPU.ActiveCfg = Debug|Any CPU
		{90390BD3-8E46-47C6-B8D6-6F4A36C67AA9}.Debug|Any CPU.Build.0 = Debug|Any CPU
		{90390BD3-8E46-47C6-B8D6-6F4A36C67AA9}.Release|Any CPU.ActiveCfg = Release|Any CPU
		{90390BD3-8E46-47C6-B8D6-6F4A36C67AA9}.Release|Any CPU.Build.0 = Release|Any CPU
		{090CF891-662E-43EC-BEB1-F932E57E873C}.Debug|Any CPU.ActiveCfg = Debug|Any CPU
		{090CF891-662E-43EC-BEB1-F932E57E873C}.Debug|Any CPU.Build.0 = Debug|Any CPU
		{090CF891-662E-43EC-BEB1-F932E57E873C}.Release|Any CPU.ActiveCfg = Release|Any CPU
		{090CF891-662E-43EC-BEB1-F932E57E873C}.Release|Any CPU.Build.0 = Release|Any CPU
		{F5D759C4-A10B-4578-A70F-4FDB8FBF8A73}.Debug|Any CPU.ActiveCfg = Debug|Any CPU
		{F5D759C4-A10B-4578-A70F-4FDB8FBF8A73}.Debug|Any CPU.Build.0 = Debug|Any CPU
		{F5D759C4-A10B-4578-A70F-4FDB8FBF8A73}.Release|Any CPU.ActiveCfg = Release|Any CPU
		{F5D759C4-A10B-4578-A70F-4FDB8FBF8A73}.Release|Any CPU.Build.0 = Release|Any CPU
	EndGlobalSection
	GlobalSection(SolutionProperties) = preSolution
		HideSolutionNode = FALSE
	EndGlobalSection
	GlobalSection(NestedProjects) = preSolution
		{087EB3BC-6817-43C2-8FED-20299DD89118} = {43EDF6AC-E950-4996-94F6-B9237CC981D7}
		{90E744C4-15B3-42AE-93B0-7DD6E30C8B44} = {43EDF6AC-E950-4996-94F6-B9237CC981D7}
		{02A22C9F-FF61-4C73-A52D-4174C2212612} = {43EDF6AC-E950-4996-94F6-B9237CC981D7}
		{03D4DCCF-154F-4C52-858A-451CD3AF41E6} = {43EDF6AC-E950-4996-94F6-B9237CC981D7}
		{B22182C9-61B9-4C7E-8909-EED2D29993E5} = {43EDF6AC-E950-4996-94F6-B9237CC981D7}
		{E268AA91-7027-47E5-B0C6-7A843E3ABF99} = {A1C5E501-D977-45C4-956E-5BF4A6B4358C}
		{DABA1D19-95C4-422C-B214-9F3F82BC295E} = {A1C5E501-D977-45C4-956E-5BF4A6B4358C}
		{94DFD28D-D16E-49D5-AAB2-368F431F2ACE} = {A1C5E501-D977-45C4-956E-5BF4A6B4358C}
		{9F9F794B-8DF7-4282-98EF-E38F3E1B1BF9} = {A1C5E501-D977-45C4-956E-5BF4A6B4358C}
		{72E0CAD3-3DFF-49D7-9939-C4F16A54C20D} = {A1C5E501-D977-45C4-956E-5BF4A6B4358C}
		{BEBD85BE-CD06-40C4-BA44-5F560C11B2C0} = {50A175BB-BA96-4C98-9A95-78346597CC45}
		{CB481098-51F7-4E66-B6EE-65CD740969C0} = {50A175BB-BA96-4C98-9A95-78346597CC45}
		{3EAA8113-0513-4AB2-844C-C4C463E7A322} = {50A175BB-BA96-4C98-9A95-78346597CC45}
		{026DA849-B374-4DC6-96F6-B29C0C488169} = {50A175BB-BA96-4C98-9A95-78346597CC45}
		{F5112B54-4F24-4C94-A8BB-238C6B4F0EFD} = {11ACF006-8506-4EF4-9BE8-D337989C8618}
		{2380A7B7-9642-41FA-98BE-4D6201EB16C7} = {11ACF006-8506-4EF4-9BE8-D337989C8618}
		{90390BD3-8E46-47C6-B8D6-6F4A36C67AA9} = {11ACF006-8506-4EF4-9BE8-D337989C8618}
		{090CF891-662E-43EC-BEB1-F932E57E873C} = {11ACF006-8506-4EF4-9BE8-D337989C8618}
		{F5D759C4-A10B-4578-A70F-4FDB8FBF8A73} = {703B5189-7183-4860-BBF9-011D4D9B09E8}
	EndGlobalSection
	GlobalSection(ExtensibilityGlobals) = postSolution
		SolutionGuid = {FD11353C-B180-40A9-8674-CE60AE27D52C}
	EndGlobalSection
EndGlobal
